# This file is automatically @generated by Cargo.
# It is not intended for manual editing.
version = 4

[[package]]
name = "emrent"
version = "0.1.0"

[[package]]
name = "emrent-bencode"
version = "0.1.0"

[[package]]
name = "emrent-dht"
version = "0.1.0"

[[package]]
name = "emrent-metainfo"
version = "0.1.0"

[[package]]
name = "emrent-peer"
version = "0.1.0"

[[package]]
name = "emrent-pieces"
version = "0.1.0"

[[package]]
name = "emrent-tracker"
version = "0.1.0"
